
Microsoft Visual Studio Solution File, Format Version 12.00
# Visual Studio Version 16
VisualStudioVersion = 16.0.33927.289
MinimumVisualStudioVersion = 10.0.40219.1
Project("{2150E333-8FDC-42A3-9474-1A3956D46DE8}") = "Task0", "Task0", "{F5AAF036-A954-402F-B899-20347F914C56}"
EndProject
Project("{FAE04EC0-301F-11D3-BF4B-00C04F79EFBC}") = "Tyuiu.ChurinDV.Sprint6.Task0.V23.Lib", "Tyuiu.ChurinDV.Sprint6.Task0.V23.Lib\Tyuiu.ChurinDV.Sprint6.Task0.V23.Lib.csproj", "{41ECC0F1-3656-4802-A09A-114A102A21A1}"
EndProject
Project("{FAE04EC0-301F-11D3-BF4B-00C04F79EFBC}") = "Tyuiu.ChurinDV.Sprint6.Task0.V23.Test", "Tyuiu.ChurinDV.Sprint6.Task0.V23.Test\Tyuiu.ChurinDV.Sprint6.Task0.V23.Test.csproj", "{B6B7BCEC-6C96-4384-B76D-7954ED021ADE}"
EndProject
Project("{FAE04EC0-301F-11D3-BF4B-00C04F79EFBC}") = "Tyuiu.ChurinDV.Sprint6.Task0.V23", "Tyuiu.ChurinDV.Sprint6.Task0.V23\Tyuiu.ChurinDV.Sprint6.Task0.V23.csproj", "{22387307-ED3C-4AFB-BD6F-1FD8733E3536}"
EndProject
Project("{2150E333-8FDC-42A3-9474-1A3956D46DE8}") = "Task1", "Task1", "{DEEE97F3-4911-49C6-9BBD-452FEC51106D}"
EndProject
Project("{FAE04EC0-301F-11D3-BF4B-00C04F79EFBC}") = "Tyuiu.ChurinDV.Sprint6.Task1.V26.Test", "Tyuiu.ChurinDV.Sprint6.Task1.V26.Test\Tyuiu.ChurinDV.Sprint6.Task1.V26.Test.csproj", "{E4AC9DAA-B951-4C78-996A-E0F6853B3C82}"
EndProject
Project("{FAE04EC0-301F-11D3-BF4B-00C04F79EFBC}") = "Tyuiu.ChurinDV.Sprint6.Task1.V26.Lib", "Tyuiu.ChurinDV.Sprint6.Task1.V26.Lib\Tyuiu.ChurinDV.Sprint6.Task1.V26.Lib.csproj", "{D1A96EF5-43A5-4DB8-B3BC-CB046B1B8ED7}"
EndProject
Project("{FAE04EC0-301F-11D3-BF4B-00C04F79EFBC}") = "Tyuiu.ChurinDV.Sprint6.Task1.V26", "Tyuiu.ChurinDV.Sprint6.Task1.V26\Tyuiu.ChurinDV.Sprint6.Task1.V26.csproj", "{C195DBDA-F245-49AF-BA14-68E9053576A6}"
EndProject
Project("{2150E333-8FDC-42A3-9474-1A3956D46DE8}") = "Task2", "Task2", "{7D515C8C-EC4F-4033-BE97-F5C7460B9F56}"
EndProject
Project("{FAE04EC0-301F-11D3-BF4B-00C04F79EFBC}") = "Tyuiu.ChurinDV.Sprint6.Task2.V10.Lib", "Tyuiu.ChurinDV.Sprint6.Task2.V10.Lib\Tyuiu.ChurinDV.Sprint6.Task2.V10.Lib.csproj", "{CD45C01E-EE7B-43E2-9A09-869214096687}"
EndProject
Project("{FAE04EC0-301F-11D3-BF4B-00C04F79EFBC}") = "Tyuiu.ChurinDV.Sprint6.Task2.V10.Test", "Tyuiu.ChurinDV.Sprint6.Task2.V10.Test\Tyuiu.ChurinDV.Sprint6.Task2.V10.Test.csproj", "{E2D05BE6-1747-4FD6-A92F-6FA24EEC0D4B}"
EndProject
Project("{FAE04EC0-301F-11D3-BF4B-00C04F79EFBC}") = "Tyuiu.ChurinDV.Sprint6.Task2.V10", "Tyuiu.ChurinDV.Sprint6.Task2.V10\Tyuiu.ChurinDV.Sprint6.Task2.V10.csproj", "{F3E1F343-ECD9-46AB-8B6E-95E50977A3EF}"
EndProject
Project("{2150E333-8FDC-42A3-9474-1A3956D46DE8}") = "Task3", "Task3", "{23D6F2F8-2D69-49BF-B871-AE9CE66D755F}"
EndProject
Project("{FAE04EC0-301F-11D3-BF4B-00C04F79EFBC}") = "Tyuiu.ChurinDV.Sprint6.Task3.V25.Test", "Tyuiu.ChurinDV.Sprint6.Task3.V25.Test\Tyuiu.ChurinDV.Sprint6.Task3.V25.Test.csproj", "{0AD53131-6826-4560-94D2-D4F0A03CB51F}"
EndProject
Project("{FAE04EC0-301F-11D3-BF4B-00C04F79EFBC}") = "Tyuiu.ChurinDV.Sprint6.Task3.V25.Lib", "Tyuiu.ChurinDV.Sprint6.Task3.V25.Lib\Tyuiu.ChurinDV.Sprint6.Task3.V25.Lib.csproj", "{5CC23688-B1AA-4F03-9708-89F85269A08E}"
EndProject
Project("{FAE04EC0-301F-11D3-BF4B-00C04F79EFBC}") = "Tyuiu.ChurinDV.Sprint6.Task3.V25", "Tyuiu.ChurinDV.Sprint6.Task3.V25\Tyuiu.ChurinDV.Sprint6.Task3.V25.csproj", "{828A6339-593F-43DA-B014-1635179EA6E9}"
EndProject
Project("{2150E333-8FDC-42A3-9474-1A3956D46DE8}") = "Task4", "Task4", "{2082803A-10D7-4F64-B923-BD11719BECA0}"
EndProject
Project("{FAE04EC0-301F-11D3-BF4B-00C04F79EFBC}") = "Tyuiu.ChurinDV.Sprint6.Task4.V6", "Tyuiu.ChurinDV.Sprint6.Task4.V6\Tyuiu.ChurinDV.Sprint6.Task4.V6.csproj", "{75FE3E5E-E40A-48E5-9474-719DADCB5673}"
EndProject
Project("{FAE04EC0-301F-11D3-BF4B-00C04F79EFBC}") = "Tyuiu.ChurinDV.Sprint6.Task4.V6.Lib", "Tyuiu.ChurinDV.Sprint6.Task4.V6.Lib\Tyuiu.ChurinDV.Sprint6.Task4.V6.Lib.csproj", "{992CF092-4EEB-4393-865A-6C08F337D90A}"
EndProject
Project("{FAE04EC0-301F-11D3-BF4B-00C04F79EFBC}") = "Tyuiu.ChurinDV.Sprint6.Task4.V6.Test", "Tyuiu.ChurinDV.Sprint6.Task4.V6.Test\Tyuiu.ChurinDV.Sprint6.Task4.V6.Test.csproj", "{3179B237-F350-442E-BAD0-DEB07408C4F1}"
EndProject
Global
	GlobalSection(SolutionConfigurationPlatforms) = preSolution
		Debug|Any CPU = Debug|Any CPU
		Release|Any CPU = Release|Any CPU
	EndGlobalSection
	GlobalSection(ProjectConfigurationPlatforms) = postSolution
		{41ECC0F1-3656-4802-A09A-114A102A21A1}.Debug|Any CPU.ActiveCfg = Debug|Any CPU
		{41ECC0F1-3656-4802-A09A-114A102A21A1}.Debug|Any CPU.Build.0 = Debug|Any CPU
		{41ECC0F1-3656-4802-A09A-114A102A21A1}.Release|Any CPU.ActiveCfg = Release|Any CPU
		{41ECC0F1-3656-4802-A09A-114A102A21A1}.Release|Any CPU.Build.0 = Release|Any CPU
		{B6B7BCEC-6C96-4384-B76D-7954ED021ADE}.Debug|Any CPU.ActiveCfg = Debug|Any CPU
		{B6B7BCEC-6C96-4384-B76D-7954ED021ADE}.Debug|Any CPU.Build.0 = Debug|Any CPU
		{B6B7BCEC-6C96-4384-B76D-7954ED021ADE}.Release|Any CPU.ActiveCfg = Release|Any CPU
		{B6B7BCEC-6C96-4384-B76D-7954ED021ADE}.Release|Any CPU.Build.0 = Release|Any CPU
		{22387307-ED3C-4AFB-BD6F-1FD8733E3536}.Debug|Any CPU.ActiveCfg = Debug|Any CPU
		{22387307-ED3C-4AFB-BD6F-1FD8733E3536}.Debug|Any CPU.Build.0 = Debug|Any CPU
		{22387307-ED3C-4AFB-BD6F-1FD8733E3536}.Release|Any CPU.ActiveCfg = Release|Any CPU
		{22387307-ED3C-4AFB-BD6F-1FD8733E3536}.Release|Any CPU.Build.0 = Release|Any CPU
		{E4AC9DAA-B951-4C78-996A-E0F6853B3C82}.Debug|Any CPU.ActiveCfg = Debug|Any CPU
		{E4AC9DAA-B951-4C78-996A-E0F6853B3C82}.Debug|Any CPU.Build.0 = Debug|Any CPU
		{E4AC9DAA-B951-4C78-996A-E0F6853B3C82}.Release|Any CPU.ActiveCfg = Release|Any CPU
		{E4AC9DAA-B951-4C78-996A-E0F6853B3C82}.Release|Any CPU.Build.0 = Release|Any CPU
		{D1A96EF5-43A5-4DB8-B3BC-CB046B1B8ED7}.Debug|Any CPU.ActiveCfg = Debug|Any CPU
		{D1A96EF5-43A5-4DB8-B3BC-CB046B1B8ED7}.Debug|Any CPU.Build.0 = Debug|Any CPU
		{D1A96EF5-43A5-4DB8-B3BC-CB046B1B8ED7}.Release|Any CPU.ActiveCfg = Release|Any CPU
		{D1A96EF5-43A5-4DB8-B3BC-CB046B1B8ED7}.Release|Any CPU.Build.0 = Release|Any CPU
		{C195DBDA-F245-49AF-BA14-68E9053576A6}.Debug|Any CPU.ActiveCfg = Debug|Any CPU
		{C195DBDA-F245-49AF-BA14-68E9053576A6}.Debug|Any CPU.Build.0 = Debug|Any CPU
		{C195DBDA-F245-49AF-BA14-68E9053576A6}.Release|Any CPU.ActiveCfg = Release|Any CPU
		{C195DBDA-F245-49AF-BA14-68E9053576A6}.Release|Any CPU.Build.0 = Release|Any CPU
		{CD45C01E-EE7B-43E2-9A09-869214096687}.Debug|Any CPU.ActiveCfg = Debug|Any CPU
		{CD45C01E-EE7B-43E2-9A09-869214096687}.Debug|Any CPU.Build.0 = Debug|Any CPU
		{CD45C01E-EE7B-43E2-9A09-869214096687}.Release|Any CPU.ActiveCfg = Release|Any CPU
		{CD45C01E-EE7B-43E2-9A09-869214096687}.Release|Any CPU.Build.0 = Release|Any CPU
		{E2D05BE6-1747-4FD6-A92F-6FA24EEC0D4B}.Debug|Any CPU.ActiveCfg = Debug|Any CPU
		{E2D05BE6-1747-4FD6-A92F-6FA24EEC0D4B}.Debug|Any CPU.Build.0 = Debug|Any CPU
		{E2D05BE6-1747-4FD6-A92F-6FA24EEC0D4B}.Release|Any CPU.ActiveCfg = Release|Any CPU
		{E2D05BE6-1747-4FD6-A92F-6FA24EEC0D4B}.Release|Any CPU.Build.0 = Release|Any CPU
		{F3E1F343-ECD9-46AB-8B6E-95E50977A3EF}.Debug|Any CPU.ActiveCfg = Debug|Any CPU
		{F3E1F343-ECD9-46AB-8B6E-95E50977A3EF}.Debug|Any CPU.Build.0 = Debug|Any CPU
		{F3E1F343-ECD9-46AB-8B6E-95E50977A3EF}.Release|Any CPU.ActiveCfg = Release|Any CPU
		{F3E1F343-ECD9-46AB-8B6E-95E50977A3EF}.Release|Any CPU.Build.0 = Release|Any CPU
		{0AD53131-6826-4560-94D2-D4F0A03CB51F}.Debug|Any CPU.ActiveCfg = Debug|Any CPU
		{0AD53131-6826-4560-94D2-D4F0A03CB51F}.Debug|Any CPU.Build.0 = Debug|Any CPU
		{0AD53131-6826-4560-94D2-D4F0A03CB51F}.Release|Any CPU.ActiveCfg = Release|Any CPU
		{0AD53131-6826-4560-94D2-D4F0A03CB51F}.Release|Any CPU.Build.0 = Release|Any CPU
		{5CC23688-B1AA-4F03-9708-89F85269A08E}.Debug|Any CPU.ActiveCfg = Debug|Any CPU
		{5CC23688-B1AA-4F03-9708-89F85269A08E}.Debug|Any CPU.Build.0 = Debug|Any CPU
		{5CC23688-B1AA-4F03-9708-89F85269A08E}.Release|Any CPU.ActiveCfg = Release|Any CPU
		{5CC23688-B1AA-4F03-9708-89F85269A08E}.Release|Any CPU.Build.0 = Release|Any CPU
		{828A6339-593F-43DA-B014-1635179EA6E9}.Debug|Any CPU.ActiveCfg = Debug|Any CPU
		{828A6339-593F-43DA-B014-1635179EA6E9}.Debug|Any CPU.Build.0 = Debug|Any CPU
		{828A6339-593F-43DA-B014-1635179EA6E9}.Release|Any CPU.ActiveCfg = Release|Any CPU
		{828A6339-593F-43DA-B014-1635179EA6E9}.Release|Any CPU.Build.0 = Release|Any CPU
		{75FE3E5E-E40A-48E5-9474-719DADCB5673}.Debug|Any CPU.ActiveCfg = Debug|Any CPU
		{75FE3E5E-E40A-48E5-9474-719DADCB5673}.Debug|Any CPU.Build.0 = Debug|Any CPU
		{75FE3E5E-E40A-48E5-9474-719DADCB5673}.Release|Any CPU.ActiveCfg = Release|Any CPU
		{75FE3E5E-E40A-48E5-9474-719DADCB5673}.Release|Any CPU.Build.0 = Release|Any CPU
		{992CF092-4EEB-4393-865A-6C08F337D90A}.Debug|Any CPU.ActiveCfg = Debug|Any CPU
		{992CF092-4EEB-4393-865A-6C08F337D90A}.Debug|Any CPU.Build.0 = Debug|Any CPU
		{992CF092-4EEB-4393-865A-6C08F337D90A}.Release|Any CPU.ActiveCfg = Release|Any CPU
		{992CF092-4EEB-4393-865A-6C08F337D90A}.Release|Any CPU.Build.0 = Release|Any CPU
		{3179B237-F350-442E-BAD0-DEB07408C4F1}.Debug|Any CPU.ActiveCfg = Debug|Any CPU
		{3179B237-F350-442E-BAD0-DEB07408C4F1}.Debug|Any CPU.Build.0 = Debug|Any CPU
		{3179B237-F350-442E-BAD0-DEB07408C4F1}.Release|Any CPU.ActiveCfg = Release|Any CPU
		{3179B237-F350-442E-BAD0-DEB07408C4F1}.Release|Any CPU.Build.0 = Release|Any CPU
	EndGlobalSection
	GlobalSection(SolutionProperties) = preSolution
		HideSolutionNode = FALSE
	EndGlobalSection
	GlobalSection(NestedProjects) = preSolution
		{41ECC0F1-3656-4802-A09A-114A102A21A1} = {F5AAF036-A954-402F-B899-20347F914C56}
		{B6B7BCEC-6C96-4384-B76D-7954ED021ADE} = {F5AAF036-A954-402F-B899-20347F914C56}
		{22387307-ED3C-4AFB-BD6F-1FD8733E3536} = {F5AAF036-A954-402F-B899-20347F914C56}
		{E4AC9DAA-B951-4C78-996A-E0F6853B3C82} = {DEEE97F3-4911-49C6-9BBD-452FEC51106D}
		{D1A96EF5-43A5-4DB8-B3BC-CB046B1B8ED7} = {DEEE97F3-4911-49C6-9BBD-452FEC51106D}
		{C195DBDA-F245-49AF-BA14-68E9053576A6} = {DEEE97F3-4911-49C6-9BBD-452FEC51106D}
		{CD45C01E-EE7B-43E2-9A09-869214096687} = {7D515C8C-EC4F-4033-BE97-F5C7460B9F56}
		{E2D05BE6-1747-4FD6-A92F-6FA24EEC0D4B} = {7D515C8C-EC4F-4033-BE97-F5C7460B9F56}
		{F3E1F343-ECD9-46AB-8B6E-95E50977A3EF} = {7D515C8C-EC4F-4033-BE97-F5C7460B9F56}
		{0AD53131-6826-4560-94D2-D4F0A03CB51F} = {23D6F2F8-2D69-49BF-B871-AE9CE66D755F}
		{5CC23688-B1AA-4F03-9708-89F85269A08E} = {23D6F2F8-2D69-49BF-B871-AE9CE66D755F}
		{828A6339-593F-43DA-B014-1635179EA6E9} = {23D6F2F8-2D69-49BF-B871-AE9CE66D755F}
		{75FE3E5E-E40A-48E5-9474-719DADCB5673} = {2082803A-10D7-4F64-B923-BD11719BECA0}
		{992CF092-4EEB-4393-865A-6C08F337D90A} = {2082803A-10D7-4F64-B923-BD11719BECA0}
		{3179B237-F350-442E-BAD0-DEB07408C4F1} = {2082803A-10D7-4F64-B923-BD11719BECA0}
	EndGlobalSection
	GlobalSection(ExtensibilityGlobals) = postSolution
		SolutionGuid = {56846D92-93BF-4B2A-8EE8-31C0394A61B4}
	EndGlobalSection
EndGlobal
